
Microsoft Visual Studio Solution File, Format Version 12.00
# Visual Studio 15
VisualStudioVersion = 15.0.27428.2027
MinimumVisualStudioVersion = 10.0.40219.1
Project("{FAE04EC0-301F-11D3-BF4B-00C04F79EFBC}") = "DeltaMovieDB", "DeltaMovieDB\DeltaMovieDB.csproj", "{BC785F1C-655F-4E9F-A909-5F64E0B2C13D}"
EndProject
Global
	GlobalSection(SolutionConfigurationPlatforms) = preSolution
		Debug|Any CPU = Debug|Any CPU
		Release|Any CPU = Release|Any CPU
	EndGlobalSection
	GlobalSection(ProjectConfigurationPlatforms) = postSolution
		{BC785F1C-655F-4E9F-A909-5F64E0B2C13D}.Debug|Any CPU.ActiveCfg = Debug|Any CPU
		{BC785F1C-655F-4E9F-A909-5F64E0B2C13D}.Debug|Any CPU.Build.0 = Debug|Any CPU
		{BC785F1C-655F-4E9F-A909-5F64E0B2C13D}.Release|Any CPU.ActiveCfg = Release|Any CPU
		{BC785F1C-655F-4E9F-A909-5F64E0B2C13D}.Release|Any CPU.Build.0 = Release|Any CPU
	EndGlobalSection
	GlobalSection(SolutionProperties) = preSolution
		HideSolutionNode = FALSE
	EndGlobalSection
	GlobalSection(ExtensibilityGlobals) = postSolution
		SolutionGuid = {8761599E-4DED-4424-98C9-209CFF54578A}
	EndGlobalSection
EndGlobal
